
Microsoft Visual Studio Solution File, Format Version 12.00
# Visual Studio Version 17
VisualStudioVersion = 17.7.34024.191
MinimumVisualStudioVersion = 10.0.40219.1
Project("{FAE04EC0-301F-11D3-BF4B-00C04F79EFBC}") = "Blue_Spruce_Planting_Optimizer", "Blue_Spruce_Planting_Optimizer\Blue_Spruce_Planting_Optimizer.csproj", "{81663295-21E3-470D-919F-361D4F2774EE}"
EndProject
Global
	GlobalSection(SolutionConfigurationPlatforms) = preSolution
		Debug|Any CPU = Debug|Any CPU
		Release|Any CPU = Release|Any CPU
	EndGlobalSection
	GlobalSection(ProjectConfigurationPlatforms) = postSolution
		{81663295-21E3-470D-919F-361D4F2774EE}.Debug|Any CPU.ActiveCfg = Debug|Any CPU
		{81663295-21E3-470D-919F-361D4F2774EE}.Debug|Any CPU.Build.0 = Debug|Any CPU
		{81663295-21E3-470D-919F-361D4F2774EE}.Release|Any CPU.ActiveCfg = Release|Any CPU
		{81663295-21E3-470D-919F-361D4F2774EE}.Release|Any CPU.Build.0 = Release|Any CPU
	EndGlobalSection
	GlobalSection(SolutionProperties) = preSolution
		HideSolutionNode = FALSE
	EndGlobalSection
	GlobalSection(ExtensibilityGlobals) = postSolution
		SolutionGuid = {55661366-3DC1-4AD0-B5D3-8FE6CA0DDB1A}
	EndGlobalSection
EndGlobal
